
Microsoft Visual Studio Solution File, Format Version 12.00
# Visual Studio 14
VisualStudioVersion = 14.0.24720.0
MinimumVisualStudioVersion = 10.0.40219.1
Project("{FAE04EC0-301F-11D3-BF4B-00C04F79EFBC}") = "FerryBackendB", "FerryBackendB\FerryBackendB.csproj", "{BF2A490B-245C-4F19-A95A-A7379E37FD53}"
EndProject
Project("{FAE04EC0-301F-11D3-BF4B-00C04F79EFBC}") = "Contract", "Contract\Contract.csproj", "{E0B09284-C1F4-444F-8E89-8EEF4CF832A3}"
EndProject
Project("{FAE04EC0-301F-11D3-BF4B-00C04F79EFBC}") = "UnitTest", "UnitTest\UnitTest.csproj", "{5AC3149D-9495-431F-99F5-51E0DA149721}"
EndProject
Global
	GlobalSection(SolutionConfigurationPlatforms) = preSolution
		Debug|Any CPU = Debug|Any CPU
		Release|Any CPU = Release|Any CPU
	EndGlobalSection
	GlobalSection(ProjectConfigurationPlatforms) = postSolution
		{BF2A490B-245C-4F19-A95A-A7379E37FD53}.Debug|Any CPU.ActiveCfg = Debug|Any CPU
		{BF2A490B-245C-4F19-A95A-A7379E37FD53}.Debug|Any CPU.Build.0 = Debug|Any CPU
		{BF2A490B-245C-4F19-A95A-A7379E37FD53}.Release|Any CPU.ActiveCfg = Release|Any CPU
		{BF2A490B-245C-4F19-A95A-A7379E37FD53}.Release|Any CPU.Build.0 = Release|Any CPU
		{E0B09284-C1F4-444F-8E89-8EEF4CF832A3}.Debug|Any CPU.ActiveCfg = Debug|Any CPU
		{E0B09284-C1F4-444F-8E89-8EEF4CF832A3}.Debug|Any CPU.Build.0 = Debug|Any CPU
		{E0B09284-C1F4-444F-8E89-8EEF4CF832A3}.Release|Any CPU.ActiveCfg = Release|Any CPU
		{E0B09284-C1F4-444F-8E89-8EEF4CF832A3}.Release|Any CPU.Build.0 = Release|Any CPU
		{5AC3149D-9495-431F-99F5-51E0DA149721}.Debug|Any CPU.ActiveCfg = Debug|Any CPU
		{5AC3149D-9495-431F-99F5-51E0DA149721}.Debug|Any CPU.Build.0 = Debug|Any CPU
		{5AC3149D-9495-431F-99F5-51E0DA149721}.Release|Any CPU.ActiveCfg = Release|Any CPU
		{5AC3149D-9495-431F-99F5-51E0DA149721}.Release|Any CPU.Build.0 = Release|Any CPU
	EndGlobalSection
	GlobalSection(SolutionProperties) = preSolution
		HideSolutionNode = FALSE
	EndGlobalSection
EndGlobal
